// !$*UTF8*$!
{
	archiveVersion = 1;
	classes = {
	};
	objectVersion = 52;
	objects = {

/* Begin PBXBuildFile section */
		CEAD42752640BFAF003CE8F7 /* AppDelegate.swift in Sources */ = {isa = PBXBuildFile; fileRef = CEAD42742640BFAF003CE8F7 /* AppDelegate.swift */; };
		CEAD42772640BFAF003CE8F7 /* SceneDelegate.swift in Sources */ = {isa = PBXBuildFile; fileRef = CEAD42762640BFAF003CE8F7 /* SceneDelegate.swift */; };
		CEAD42792640BFAF003CE8F7 /* ViewController.swift in Sources */ = {isa = PBXBuildFile; fileRef = CEAD42782640BFAF003CE8F7 /* ViewController.swift */; };
		CEAD427C2640BFAF003CE8F7 /* Main.storyboard in Resources */ = {isa = PBXBuildFile; fileRef = CEAD427A2640BFAF003CE8F7 /* Main.storyboard */; };
		CEAD427F2640BFAF003CE8F7 /* SkeletonSample.xcdatamodeld in Sources */ = {isa = PBXBuildFile; fileRef = CEAD427D2640BFAF003CE8F7 /* SkeletonSample.xcdatamodeld */; };
		CEAD42812640BFB2003CE8F7 /* Assets.xcassets in Resources */ = {isa = PBXBuildFile; fileRef = CEAD42802640BFB2003CE8F7 /* Assets.xcassets */; };
		CEAD42842640BFB2003CE8F7 /* LaunchScreen.storyboard in Resources */ = {isa = PBXBuildFile; fileRef = CEAD42822640BFB2003CE8F7 /* LaunchScreen.storyboard */; };
		CEAD428F2640BFB2003CE8F7 /* SkeletonSampleTests.swift in Sources */ = {isa = PBXBuildFile; fileRef = CEAD428E2640BFB2003CE8F7 /* SkeletonSampleTests.swift */; };
		CEAD429A2640BFB2003CE8F7 /* SkeletonSampleUITests.swift in Sources */ = {isa = PBXBuildFile; fileRef = CEAD42992640BFB2003CE8F7 /* SkeletonSampleUITests.swift */; };
		CEAD42AB2640C019003CE8F7 /* Cell.xib in Resources */ = {isa = PBXBuildFile; fileRef = CEAD42AA2640C019003CE8F7 /* Cell.xib */; };
		CEAD42B02640C037003CE8F7 /* Cell.swift in Sources */ = {isa = PBXBuildFile; fileRef = CEAD42AF2640C037003CE8F7 /* Cell.swift */; };
		CEAD42B62640C264003CE8F7 /* SkeletonView in Frameworks */ = {isa = PBXBuildFile; productRef = CEAD42B52640C264003CE8F7 /* SkeletonView */; };
/* End PBXBuildFile section */

/* Begin PBXContainerItemProxy section */
		CEAD428B2640BFB2003CE8F7 /* PBXContainerItemProxy */ = {
			isa = PBXContainerItemProxy;
			containerPortal = CEAD42692640BFAE003CE8F7 /* Project object */;
			proxyType = 1;
			remoteGlobalIDString = CEAD42702640BFAF003CE8F7;
			remoteInfo = SkeletonSample;
		};
		CEAD42962640BFB2003CE8F7 /* PBXContainerItemProxy */ = {
			isa = PBXContainerItemProxy;
			containerPortal = CEAD42692640BFAE003CE8F7 /* Project object */;
			proxyType = 1;
			remoteGlobalIDString = CEAD42702640BFAF003CE8F7;
			remoteInfo = SkeletonSample;
		};
/* End PBXContainerItemProxy section */

/* Begin PBXFileReference section */
		CEAD42712640BFAF003CE8F7 /* SkeletonSample.app */ = {isa = PBXFileReference; explicitFileType = wrapper.application; includeInIndex = 0; path = SkeletonSample.app; sourceTree = BUILT_PRODUCTS_DIR; };
		CEAD42742640BFAF003CE8F7 /* AppDelegate.swift */ = {isa = PBXFileReference; lastKnownFileType = sourcecode.swift; path = AppDelegate.swift; sourceTree = "<group>"; };
		CEAD42762640BFAF003CE8F7 /* SceneDelegate.swift */ = {isa = PBXFileReference; lastKnownFileType = sourcecode.swift; path = SceneDelegate.swift; sourceTree = "<group>"; };
		CEAD42782640BFAF003CE8F7 /* ViewController.swift */ = {isa = PBXFileReference; lastKnownFileType = sourcecode.swift; path = ViewController.swift; sourceTree = "<group>"; };
		CEAD427B2640BFAF003CE8F7 /* Base */ = {isa = PBXFileReference; lastKnownFileType = file.storyboard; name = Base; path = Base.lproj/Main.storyboard; sourceTree = "<group>"; };
		CEAD427E2640BFAF003CE8F7 /* SkeletonSample.xcdatamodel */ = {isa = PBXFileReference; lastKnownFileType = wrapper.xcdatamodel; path = SkeletonSample.xcdatamodel; sourceTree = "<group>"; };
		CEAD42802640BFB2003CE8F7 /* Assets.xcassets */ = {isa = PBXFileReference; lastKnownFileType = folder.assetcatalog; path = Assets.xcassets; sourceTree = "<group>"; };
		CEAD42832640BFB2003CE8F7 /* Base */ = {isa = PBXFileReference; lastKnownFileType = file.storyboard; name = Base; path = Base.lproj/LaunchScreen.storyboard; sourceTree = "<group>"; };
		CEAD42852640BFB2003CE8F7 /* Info.plist */ = {isa = PBXFileReference; lastKnownFileType = text.plist.xml; path = Info.plist; sourceTree = "<group>"; };
		CEAD428A2640BFB2003CE8F7 /* SkeletonSampleTests.xctest */ = {isa = PBXFileReference; explicitFileType = wrapper.cfbundle; includeInIndex = 0; path = SkeletonSampleTests.xctest; sourceTree = BUILT_PRODUCTS_DIR; };
		CEAD428E2640BFB2003CE8F7 /* SkeletonSampleTests.swift */ = {isa = PBXFileReference; lastKnownFileType = sourcecode.swift; path = SkeletonSampleTests.swift; sourceTree = "<group>"; };
		CEAD42902640BFB2003CE8F7 /* Info.plist */ = {isa = PBXFileReference; lastKnownFileType = text.plist.xml; path = Info.plist; sourceTree = "<group>"; };
		CEAD42952640BFB2003CE8F7 /* SkeletonSampleUITests.xctest */ = {isa = PBXFileReference; explicitFileType = wrapper.cfbundle; includeInIndex = 0; path = SkeletonSampleUITests.xctest; sourceTree = BUILT_PRODUCTS_DIR; };
		CEAD42992640BFB2003CE8F7 /* SkeletonSampleUITests.swift */ = {isa = PBXFileReference; lastKnownFileType = sourcecode.swift; path = SkeletonSampleUITests.swift; sourceTree = "<group>"; };
		CEAD429B2640BFB2003CE8F7 /* Info.plist */ = {isa = PBXFileReference; lastKnownFileType = text.plist.xml; path = Info.plist; sourceTree = "<group>"; };
		CEAD42AA2640C019003CE8F7 /* Cell.xib */ = {isa = PBXFileReference; lastKnownFileType = file.xib; path = Cell.xib; sourceTree = "<group>"; };
		CEAD42AF2640C037003CE8F7 /* Cell.swift */ = {isa = PBXFileReference; lastKnownFileType = sourcecode.swift; path = Cell.swift; sourceTree = "<group>"; };
/* End PBXFileReference section */

/* Begin PBXFrameworksBuildPhase section */
		CEAD426E2640BFAF003CE8F7 /* Frameworks */ = {
			isa = PBXFrameworksBuildPhase;
			buildActionMask = 2147483647;
			files = (
				CEAD42B62640C264003CE8F7 /* SkeletonView in Frameworks */,
			);
			runOnlyForDeploymentPostprocessing = 0;
		};
		CEAD42872640BFB2003CE8F7 /* Frameworks */ = {
			isa = PBXFrameworksBuildPhase;
			buildActionMask = 2147483647;
			files = (
			);
			runOnlyForDeploymentPostprocessing = 0;
		};
		CEAD42922640BFB2003CE8F7 /* Frameworks */ = {
			isa = PBXFrameworksBuildPhase;
			buildActionMask = 2147483647;
			files = (
			);
			runOnlyForDeploymentPostprocessing = 0;
		};
/* End PBXFrameworksBuildPhase section */

/* Begin PBXGroup section */
		CEAD42682640BFAE003CE8F7 = {
			isa = PBXGroup;
			children = (
				CEAD42732640BFAF003CE8F7 /* SkeletonSample */,
				CEAD428D2640BFB2003CE8F7 /* SkeletonSampleTests */,
				CEAD42982640BFB2003CE8F7 /* SkeletonSampleUITests */,
				CEAD42722640BFAF003CE8F7 /* Products */,
			);
			sourceTree = "<group>";
		};
		CEAD42722640BFAF003CE8F7 /* Products */ = {
			isa = PBXGroup;
			children = (
				CEAD42712640BFAF003CE8F7 /* SkeletonSample.app */,
				CEAD428A2640BFB2003CE8F7 /* SkeletonSampleTests.xctest */,
				CEAD42952640BFB2003CE8F7 /* SkeletonSampleUITests.xctest */,
			);
			name = Products;
			sourceTree = "<group>";
		};
		CEAD42732640BFAF003CE8F7 /* SkeletonSample */ = {
			isa = PBXGroup;
			children = (
				CEAD42742640BFAF003CE8F7 /* AppDelegate.swift */,
				CEAD42762640BFAF003CE8F7 /* SceneDelegate.swift */,
				CEAD42782640BFAF003CE8F7 /* ViewController.swift */,
				CEAD42AA2640C019003CE8F7 /* Cell.xib */,
				CEAD42AF2640C037003CE8F7 /* Cell.swift */,
				CEAD427A2640BFAF003CE8F7 /* Main.storyboard */,
				CEAD42802640BFB2003CE8F7 /* Assets.xcassets */,
				CEAD42822640BFB2003CE8F7 /* LaunchScreen.storyboard */,
				CEAD42852640BFB2003CE8F7 /* Info.plist */,
				CEAD427D2640BFAF003CE8F7 /* SkeletonSample.xcdatamodeld */,
			);
			path = SkeletonSample;
			sourceTree = "<group>";
		};
		CEAD428D2640BFB2003CE8F7 /* SkeletonSampleTests */ = {
			isa = PBXGroup;
			children = (
				CEAD428E2640BFB2003CE8F7 /* SkeletonSampleTests.swift */,
				CEAD42902640BFB2003CE8F7 /* Info.plist */,
			);
			path = SkeletonSampleTests;
			sourceTree = "<group>";
		};
		CEAD42982640BFB2003CE8F7 /* SkeletonSampleUITests */ = {
			isa = PBXGroup;
			children = (
				CEAD42992640BFB2003CE8F7 /* SkeletonSampleUITests.swift */,
				CEAD429B2640BFB2003CE8F7 /* Info.plist */,
			);
			path = SkeletonSampleUITests;
			sourceTree = "<group>";
		};
/* End PBXGroup section */

/* Begin PBXNativeTarget section */
		CEAD42702640BFAF003CE8F7 /* SkeletonSample */ = {
			isa = PBXNativeTarget;
			buildConfigurationList = CEAD429E2640BFB2003CE8F7 /* Build configuration list for PBXNativeTarget "SkeletonSample" */;
			buildPhases = (
				CEAD426D2640BFAF003CE8F7 /* Sources */,
				CEAD426E2640BFAF003CE8F7 /* Frameworks */,
				CEAD426F2640BFAF003CE8F7 /* Resources */,
			);
			buildRules = (
			);
			dependencies = (
			);
			name = SkeletonSample;
			packageProductDependencies = (
				CEAD42B52640C264003CE8F7 /* SkeletonView */,
			);
			productName = SkeletonSample;
			productReference = CEAD42712640BFAF003CE8F7 /* SkeletonSample.app */;
			productType = "com.apple.product-type.application";
		};
		CEAD42892640BFB2003CE8F7 /* SkeletonSampleTests */ = {
			isa = PBXNativeTarget;
			buildConfigurationList = CEAD42A12640BFB2003CE8F7 /* Build configuration list for PBXNativeTarget "SkeletonSampleTests" */;
			buildPhases = (
				CEAD42862640BFB2003CE8F7 /* Sources */,
				CEAD42872640BFB2003CE8F7 /* Frameworks */,
				CEAD42882640BFB2003CE8F7 /* Resources */,
			);
			buildRules = (
			);
			dependencies = (
				CEAD428C2640BFB2003CE8F7 /* PBXTargetDependency */,
			);
			name = SkeletonSampleTests;
			productName = SkeletonSampleTests;
			productReference = CEAD428A2640BFB2003CE8F7 /* SkeletonSampleTests.xctest */;
			productType = "com.apple.product-type.bundle.unit-test";
		};
		CEAD42942640BFB2003CE8F7 /* SkeletonSampleUITests */ = {
			isa = PBXNativeTarget;
			buildConfigurationList = CEAD42A42640BFB2003CE8F7 /* Build configuration list for PBXNativeTarget "SkeletonSampleUITests" */;
			buildPhases = (
				CEAD42912640BFB2003CE8F7 /* Sources */,
				CEAD42922640BFB2003CE8F7 /* Frameworks */,
				CEAD42932640BFB2003CE8F7 /* Resources */,
			);
			buildRules = (
			);
			dependencies = (
				CEAD42972640BFB2003CE8F7 /* PBXTargetDependency */,
			);
			name = SkeletonSampleUITests;
			productName = SkeletonSampleUITests;
			productReference = CEAD42952640BFB2003CE8F7 /* SkeletonSampleUITests.xctest */;
			productType = "com.apple.product-type.bundle.ui-testing";
		};
/* End PBXNativeTarget section */

/* Begin PBXProject section */
		CEAD42692640BFAE003CE8F7 /* Project object */ = {
			isa = PBXProject;
			attributes = {
				LastSwiftUpdateCheck = 1240;
				LastUpgradeCheck = 1240;
				TargetAttributes = {
					CEAD42702640BFAF003CE8F7 = {
						CreatedOnToolsVersion = 12.4;
					};
					CEAD42892640BFB2003CE8F7 = {
						CreatedOnToolsVersion = 12.4;
						TestTargetID = CEAD42702640BFAF003CE8F7;
					};
					CEAD42942640BFB2003CE8F7 = {
						CreatedOnToolsVersion = 12.4;
						TestTargetID = CEAD42702640BFAF003CE8F7;
					};
				};
			};
			buildConfigurationList = CEAD426C2640BFAE003CE8F7 /* Build configuration list for PBXProject "SkeletonSample" */;
			compatibilityVersion = "Xcode 9.3";
			developmentRegion = en;
			hasScannedForEncodings = 0;
			knownRegions = (
				en,
				Base,
			);
			mainGroup = CEAD42682640BFAE003CE8F7;
			packageReferences = (
				CEAD42B42640C264003CE8F7 /* XCRemoteSwiftPackageReference "SkeletonView" */,
			);
			productRefGroup = CEAD42722640BFAF003CE8F7 /* Products */;
			projectDirPath = "";
			projectRoot = "";
			targets = (
				CEAD42702640BFAF003CE8F7 /* SkeletonSample */,
				CEAD42892640BFB2003CE8F7 /* SkeletonSampleTests */,
				CEAD42942640BFB2003CE8F7 /* SkeletonSampleUITests */,
			);
		};
/* End PBXProject section */

/* Begin PBXResourcesBuildPhase section */
		CEAD426F2640BFAF003CE8F7 /* Resources */ = {
			isa = PBXResourcesBuildPhase;
			buildActionMask = 2147483647;
			files = (
				CEAD42842640BFB2003CE8F7 /* LaunchScreen.storyboard in Resources */,
				CEAD42AB2640C019003CE8F7 /* Cell.xib in Resources */,
				CEAD42812640BFB2003CE8F7 /* Assets.xcassets in Resources */,
				CEAD427C2640BFAF003CE8F7 /* Main.storyboard in Resources */,
			);
			runOnlyForDeploymentPostprocessing = 0;
		};
		CEAD42882640BFB2003CE8F7 /* Resources */ = {
			isa = PBXResourcesBuildPhase;
			buildActionMask = 2147483647;
			files = (
			);
			runOnlyForDeploymentPostprocessing = 0;
		};
		CEAD42932640BFB2003CE8F7 /* Resources */ = {
			isa = PBXResourcesBuildPhase;
			buildActionMask = 2147483647;
			files = (
			);
			runOnlyForDeploymentPostprocessing = 0;
		};
/* End PBXResourcesBuildPhase section */

/* Begin PBXSourcesBuildPhase section */
		CEAD426D2640BFAF003CE8F7 /* Sources */ = {
			isa = PBXSourcesBuildPhase;
			buildActionMask = 2147483647;
			files = (
				CEAD42792640BFAF003CE8F7 /* ViewController.swift in Sources */,
				CEAD42752640BFAF003CE8F7 /* AppDelegate.swift in Sources */,
				CEAD42B02640C037003CE8F7 /* Cell.swift in Sources */,
				CEAD427F2640BFAF003CE8F7 /* SkeletonSample.xcdatamodeld in Sources */,
				CEAD42772640BFAF003CE8F7 /* SceneDelegate.swift in Sources */,
			);
			runOnlyForDeploymentPostprocessing = 0;
		};
		CEAD42862640BFB2003CE8F7 /* Sources */ = {
			isa = PBXSourcesBuildPhase;
			buildActionMask = 2147483647;
			files = (
				CEAD428F2640BFB2003CE8F7 /* SkeletonSampleTests.swift in Sources */,
			);
			runOnlyForDeploymentPostprocessing = 0;
		};
		CEAD42912640BFB2003CE8F7 /* Sources */ = {
			isa = PBXSourcesBuildPhase;
			buildActionMask = 2147483647;
			files = (
				CEAD429A2640BFB2003CE8F7 /* SkeletonSampleUITests.swift in Sources */,
			);
			runOnlyForDeploymentPostprocessing = 0;
		};
/* End PBXSourcesBuildPhase section */

/* Begin PBXTargetDependency section */
		CEAD428C2640BFB2003CE8F7 /* PBXTargetDependency */ = {
			isa = PBXTargetDependency;
			target = CEAD42702640BFAF003CE8F7 /* SkeletonSample */;
			targetProxy = CEAD428B2640BFB2003CE8F7 /* PBXContainerItemProxy */;
		};
		CEAD42972640BFB2003CE8F7 /* PBXTargetDependency */ = {
			isa = PBXTargetDependency;
			target = CEAD42702640BFAF003CE8F7 /* SkeletonSample */;
			targetProxy = CEAD42962640BFB2003CE8F7 /* PBXContainerItemProxy */;
		};
/* End PBXTargetDependency section */

/* Begin PBXVariantGroup section */
		CEAD427A2640BFAF003CE8F7 /* Main.storyboard */ = {
			isa = PBXVariantGroup;
			children = (
				CEAD427B2640BFAF003CE8F7 /* Base */,
			);
			name = Main.storyboard;
			sourceTree = "<group>";
		};
		CEAD42822640BFB2003CE8F7 /* LaunchScreen.storyboard */ = {
			isa = PBXVariantGroup;
			children = (
				CEAD42832640BFB2003CE8F7 /* Base */,
			);
			name = LaunchScreen.storyboard;
			sourceTree = "<group>";
		};
/* End PBXVariantGroup section */

/* Begin XCBuildConfiguration section */
		CEAD429C2640BFB2003CE8F7 /* Debug */ = {
			isa = XCBuildConfiguration;
			buildSettings = {
				ALWAYS_SEARCH_USER_PATHS = NO;
				CLANG_ANALYZER_NONNULL = YES;
				CLANG_ANALYZER_NUMBER_OBJECT_CONVERSION = YES_AGGRESSIVE;
				CLANG_CXX_LANGUAGE_STANDARD = "gnu++14";
				CLANG_CXX_LIBRARY = "libc++";
				CLANG_ENABLE_MODULES = YES;
				CLANG_ENABLE_OBJC_ARC = YES;
				CLANG_ENABLE_OBJC_WEAK = YES;
				CLANG_WARN_BLOCK_CAPTURE_AUTORELEASING = YES;
				CLANG_WARN_BOOL_CONVERSION = YES;
				CLANG_WARN_COMMA = YES;
				CLANG_WARN_CONSTANT_CONVERSION = YES;
				CLANG_WARN_DEPRECATED_OBJC_IMPLEMENTATIONS = YES;
				CLANG_WARN_DIRECT_OBJC_ISA_USAGE = YES_ERROR;
				CLANG_WARN_DOCUMENTATION_COMMENTS = YES;
				CLANG_WARN_EMPTY_BODY = YES;
				CLANG_WARN_ENUM_CONVERSION = YES;
				CLANG_WARN_INFINITE_RECURSION = YES;
				CLANG_WARN_INT_CONVERSION = YES;
				CLANG_WARN_NON_LITERAL_NULL_CONVERSION = YES;
				CLANG_WARN_OBJC_IMPLICIT_RETAIN_SELF = YES;
				CLANG_WARN_OBJC_LITERAL_CONVERSION = YES;
				CLANG_WARN_OBJC_ROOT_CLASS = YES_ERROR;
				CLANG_WARN_QUOTED_INCLUDE_IN_FRAMEWORK_HEADER = YES;
				CLANG_WARN_RANGE_LOOP_ANALYSIS = YES;
				CLANG_WARN_STRICT_PROTOTYPES = YES;
				CLANG_WARN_SUSPICIOUS_MOVE = YES;
				CLANG_WARN_UNGUARDED_AVAILABILITY = YES_AGGRESSIVE;
				CLANG_WARN_UNREACHABLE_CODE = YES;
				CLANG_WARN__DUPLICATE_METHOD_MATCH = YES;
				COPY_PHASE_STRIP = NO;
				DEBUG_INFORMATION_FORMAT = dwarf;
				ENABLE_STRICT_OBJC_MSGSEND = YES;
				ENABLE_TESTABILITY = YES;
				GCC_C_LANGUAGE_STANDARD = gnu11;
				GCC_DYNAMIC_NO_PIC = NO;
				GCC_NO_COMMON_BLOCKS = YES;
				GCC_OPTIMIZATION_LEVEL = 0;
				GCC_PREPROCESSOR_DEFINITIONS = (
					"DEBUG=1",
					"$(inherited)",
				);
				GCC_WARN_64_TO_32_BIT_CONVERSION = YES;
				GCC_WARN_ABOUT_RETURN_TYPE = YES_ERROR;
				GCC_WARN_UNDECLARED_SELECTOR = YES;
				GCC_WARN_UNINITIALIZED_AUTOS = YES_AGGRESSIVE;
				GCC_WARN_UNUSED_FUNCTION = YES;
				GCC_WARN_UNUSED_VARIABLE = YES;
				IPHONEOS_DEPLOYMENT_TARGET = 14.4;
				MTL_ENABLE_DEBUG_INFO = INCLUDE_SOURCE;
				MTL_FAST_MATH = YES;
				ONLY_ACTIVE_ARCH = YES;
				SDKROOT = iphoneos;
				SWIFT_ACTIVE_COMPILATION_CONDITIONS = DEBUG;
				SWIFT_OPTIMIZATION_LEVEL = "-Onone";
			};
			name = Debug;
		};
		CEAD429D2640BFB2003CE8F7 /* Release */ = {
			isa = XCBuildConfiguration;
			buildSettings = {
				ALWAYS_SEARCH_USER_PATHS = NO;
				CLANG_ANALYZER_NONNULL = YES;
				CLANG_ANALYZER_NUMBER_OBJECT_CONVERSION = YES_AGGRESSIVE;
				CLANG_CXX_LANGUAGE_STANDARD = "gnu++14";
				CLANG_CXX_LIBRARY = "libc++";
				CLANG_ENABLE_MODULES = YES;
				CLANG_ENABLE_OBJC_ARC = YES;
				CLANG_ENABLE_OBJC_WEAK = YES;
				CLANG_WARN_BLOCK_CAPTURE_AUTORELEASING = YES;
				CLANG_WARN_BOOL_CONVERSION = YES;
				CLANG_WARN_COMMA = YES;
				CLANG_WARN_CONSTANT_CONVERSION = YES;
				CLANG_WARN_DEPRECATED_OBJC_IMPLEMENTATIONS = YES;
				CLANG_WARN_DIRECT_OBJC_ISA_USAGE = YES_ERROR;
				CLANG_WARN_DOCUMENTATION_COMMENTS = YES;
				CLANG_WARN_EMPTY_BODY = YES;
				CLANG_WARN_ENUM_CONVERSION = YES;
				CLANG_WARN_INFINITE_RECURSION = YES;
				CLANG_WARN_INT_CONVERSION = YES;
				CLANG_WARN_NON_LITERAL_NULL_CONVERSION = YES;
				CLANG_WARN_OBJC_IMPLICIT_RETAIN_SELF = YES;
				CLANG_WARN_OBJC_LITERAL_CONVERSION = YES;
				CLANG_WARN_OBJC_ROOT_CLASS = YES_ERROR;
				CLANG_WARN_QUOTED_INCLUDE_IN_FRAMEWORK_HEADER = YES;
				CLANG_WARN_RANGE_LOOP_ANALYSIS = YES;
				CLANG_WARN_STRICT_PROTOTYPES = YES;
				CLANG_WARN_SUSPICIOUS_MOVE = YES;
				CLANG_WARN_UNGUARDED_AVAILABILITY = YES_AGGRESSIVE;
				CLANG_WARN_UNREACHABLE_CODE = YES;
				CLANG_WARN__DUPLICATE_METHOD_MATCH = YES;
				COPY_PHASE_STRIP = NO;
				DEBUG_INFORMATION_FORMAT = "dwarf-with-dsym";
				ENABLE_NS_ASSERTIONS = NO;
				ENABLE_STRICT_OBJC_MSGSEND = YES;
				GCC_C_LANGUAGE_STANDARD = gnu11;
				GCC_NO_COMMON_BLOCKS = YES;
				GCC_WARN_64_TO_32_BIT_CONVERSION = YES;
				GCC_WARN_ABOUT_RETURN_TYPE = YES_ERROR;
				GCC_WARN_UNDECLARED_SELECTOR = YES;
				GCC_WARN_UNINITIALIZED_AUTOS = YES_AGGRESSIVE;
				GCC_WARN_UNUSED_FUNCTION = YES;
				GCC_WARN_UNUSED_VARIABLE = YES;
				IPHONEOS_DEPLOYMENT_TARGET = 14.4;
				MTL_ENABLE_DEBUG_INFO = NO;
				MTL_FAST_MATH = YES;
				SDKROOT = iphoneos;
				SWIFT_COMPILATION_MODE = wholemodule;
				SWIFT_OPTIMIZATION_LEVEL = "-O";
				VALIDATE_PRODUCT = YES;
			};
			name = Release;
		};
		CEAD429F2640BFB2003CE8F7 /* Debug */ = {
			isa = XCBuildConfiguration;
			buildSettings = {
				ASSETCATALOG_COMPILER_APPICON_NAME = AppIcon;
				ASSETCATALOG_COMPILER_GLOBAL_ACCENT_COLOR_NAME = AccentColor;
				CODE_SIGN_STYLE = Automatic;
				DEVELOPMENT_TEAM = 93YL8E7YZM;
				INFOPLIST_FILE = SkeletonSample/Info.plist;
				LD_RUNPATH_SEARCH_PATHS = (
					"$(inherited)",
					"@executable_path/Frameworks",
				);
				PRODUCT_BUNDLE_IDENTIFIER = net.sejongtelecom.SkeletonSample;
				PRODUCT_NAME = "$(TARGET_NAME)";
				SWIFT_VERSION = 5.0;
				TARGETED_DEVICE_FAMILY = "1,2";
			};
			name = Debug;
		};
		CEAD42A02640BFB2003CE8F7 /* Release */ = {
			isa = XCBuildConfiguration;
			buildSettings = {
				ASSETCATALOG_COMPILER_APPICON_NAME = AppIcon;
				ASSETCATALOG_COMPILER_GLOBAL_ACCENT_COLOR_NAME = AccentColor;
				CODE_SIGN_STYLE = Automatic;
				DEVELOPMENT_TEAM = 93YL8E7YZM;
				INFOPLIST_FILE = SkeletonSample/Info.plist;
				LD_RUNPATH_SEARCH_PATHS = (
					"$(inherited)",
					"@executable_path/Frameworks",
				);
				PRODUCT_BUNDLE_IDENTIFIER = net.sejongtelecom.SkeletonSample;
				PRODUCT_NAME = "$(TARGET_NAME)";
				SWIFT_VERSION = 5.0;
				TARGETED_DEVICE_FAMILY = "1,2";
			};
			name = Release;
		};
		CEAD42A22640BFB2003CE8F7 /* Debug */ = {
			isa = XCBuildConfiguration;
			buildSettings = {
				ALWAYS_EMBED_SWIFT_STANDARD_LIBRARIES = YES;
				BUNDLE_LOADER = "$(TEST_HOST)";
				CODE_SIGN_STYLE = Automatic;
				DEVELOPMENT_TEAM = 93YL8E7YZM;
				INFOPLIST_FILE = SkeletonSampleTests/Info.plist;
				IPHONEOS_DEPLOYMENT_TARGET = 14.4;
				LD_RUNPATH_SEARCH_PATHS = (
					"$(inherited)",
					"@executable_path/Frameworks",
					"@loader_path/Frameworks",
				);
				PRODUCT_BUNDLE_IDENTIFIER = net.sejongtelecom.SkeletonSampleTests;
				PRODUCT_NAME = "$(TARGET_NAME)";
				SWIFT_VERSION = 5.0;
				TARGETED_DEVICE_FAMILY = "1,2";
				TEST_HOST = "$(BUILT_PRODUCTS_DIR)/SkeletonSample.app/SkeletonSample";
			};
			name = Debug;
		};
		CEAD42A32640BFB2003CE8F7 /* Release */ = {
			isa = XCBuildConfiguration;
			buildSettings = {
				ALWAYS_EMBED_SWIFT_STANDARD_LIBRARIES = YES;
				BUNDLE_LOADER = "$(TEST_HOST)";
				CODE_SIGN_STYLE = Automatic;
				DEVELOPMENT_TEAM = 93YL8E7YZM;
				INFOPLIST_FILE = SkeletonSampleTests/Info.plist;
				IPHONEOS_DEPLOYMENT_TARGET = 14.4;
				LD_RUNPATH_SEARCH_PATHS = (
					"$(inherited)",
					"@executable_path/Frameworks",
					"@loader_path/Frameworks",
				);
				PRODUCT_BUNDLE_IDENTIFIER = net.sejongtelecom.SkeletonSampleTests;
				PRODUCT_NAME = "$(TARGET_NAME)";
				SWIFT_VERSION = 5.0;
				TARGETED_DEVICE_FAMILY = "1,2";
				TEST_HOST = "$(BUILT_PRODUCTS_DIR)/SkeletonSample.app/SkeletonSample";
			};
			name = Release;
		};
		CEAD42A52640BFB2003CE8F7 /* Debug */ = {
			isa = XCBuildConfiguration;
			buildSettings = {
				ALWAYS_EMBED_SWIFT_STANDARD_LIBRARIES = YES;
				CODE_SIGN_STYLE = Automatic;
				DEVELOPMENT_TEAM = 93YL8E7YZM;
				INFOPLIST_FILE = SkeletonSampleUITests/Info.plist;
				LD_RUNPATH_SEARCH_PATHS = (
					"$(inherited)",
					"@executable_path/Frameworks",
					"@loader_path/Frameworks",
				);
				PRODUCT_BUNDLE_IDENTIFIER = net.sejongtelecom.SkeletonSampleUITests;
				PRODUCT_NAME = "$(TARGET_NAME)";
				SWIFT_VERSION = 5.0;
				TARGETED_DEVICE_FAMILY = "1,2";
				TEST_TARGET_NAME = SkeletonSample;
			};
			name = Debug;
		};
		CEAD42A62640BFB2003CE8F7 /* Release */ = {
			isa = XCBuildConfiguration;
			buildSettings = {
				ALWAYS_EMBED_SWIFT_STANDARD_LIBRARIES = YES;
				CODE_SIGN_STYLE = Automatic;
				DEVELOPMENT_TEAM = 93YL8E7YZM;
				INFOPLIST_FILE = SkeletonSampleUITests/Info.plist;
				LD_RUNPATH_SEARCH_PATHS = (
					"$(inherited)",
					"@executable_path/Frameworks",
					"@loader_path/Frameworks",
				);
				PRODUCT_BUNDLE_IDENTIFIER = net.sejongtelecom.SkeletonSampleUITests;
				PRODUCT_NAME = "$(TARGET_NAME)";
				SWIFT_VERSION = 5.0;
				TARGETED_DEVICE_FAMILY = "1,2";
				TEST_TARGET_NAME = SkeletonSample;
			};
			name = Release;
		};
/* End XCBuildConfiguration section */

/* Begin XCConfigurationList section */
		CEAD426C2640BFAE003CE8F7 /* Build configuration list for PBXProject "SkeletonSample" */ = {
			isa = XCConfigurationList;
			buildConfigurations = (
				CEAD429C2640BFB2003CE8F7 /* Debug */,
				CEAD429D2640BFB2003CE8F7 /* Release */,
			);
			defaultConfigurationIsVisible = 0;
			defaultConfigurationName = Release;
		};
		CEAD429E2640BFB2003CE8F7 /* Build configuration list for PBXNativeTarget "SkeletonSample" */ = {
			isa = XCConfigurationList;
			buildConfigurations = (
				CEAD429F2640BFB2003CE8F7 /* Debug */,
				CEAD42A02640BFB2003CE8F7 /* Release */,
			);
			defaultConfigurationIsVisible = 0;
			defaultConfigurationName = Release;
		};
		CEAD42A12640BFB2003CE8F7 /* Build configuration list for PBXNativeTarget "SkeletonSampleTests" */ = {
			isa = XCConfigurationList;
			buildConfigurations = (
				CEAD42A22640BFB2003CE8F7 /* Debug */,
				CEAD42A32640BFB2003CE8F7 /* Release */,
			);
			defaultConfigurationIsVisible = 0;
			defaultConfigurationName = Release;
		};
		CEAD42A42640BFB2003CE8F7 /* Build configuration list for PBXNativeTarget "SkeletonSampleUITests" */ = {
			isa = XCConfigurationList;
			buildConfigurations = (
				CEAD42A52640BFB2003CE8F7 /* Debug */,
				CEAD42A62640BFB2003CE8F7 /* Release */,
			);
			defaultConfigurationIsVisible = 0;
			defaultConfigurationName = Release;
		};
/* End XCConfigurationList section */

/* Begin XCRemoteSwiftPackageReference section */
		CEAD42B42640C264003CE8F7 /* XCRemoteSwiftPackageReference "SkeletonView" */ = {
			isa = XCRemoteSwiftPackageReference;
			repositoryURL = "https://github.com/Juanpe/SkeletonView.git";
			requirement = {
				kind = upToNextMajorVersion;
				minimumVersion = 1.15.0;
			};
		};
/* End XCRemoteSwiftPackageReference section */

/* Begin XCSwiftPackageProductDependency section */
		CEAD42B52640C264003CE8F7 /* SkeletonView */ = {
			isa = XCSwiftPackageProductDependency;
			package = CEAD42B42640C264003CE8F7 /* XCRemoteSwiftPackageReference "SkeletonView" */;
			productName = SkeletonView;
		};
/* End XCSwiftPackageProductDependency section */

/* Begin XCVersionGroup section */
		CEAD427D2640BFAF003CE8F7 /* SkeletonSample.xcdatamodeld */ = {
			isa = XCVersionGroup;
			children = (
				CEAD427E2640BFAF003CE8F7 /* SkeletonSample.xcdatamodel */,
			);
			currentVersion = CEAD427E2640BFAF003CE8F7 /* SkeletonSample.xcdatamodel */;
			path = SkeletonSample.xcdatamodeld;
			sourceTree = "<group>";
			versionGroupType = wrapper.xcdatamodel;
		};
/* End XCVersionGroup section */
	};
	rootObject = CEAD42692640BFAE003CE8F7 /* Project object */;
}
